
Microsoft Visual Studio Solution File, Format Version 12.00
# Visual Studio 15
Project("{FAE04EC0-301F-11D3-BF4B-00C04F79EFBC}") = "Assembly-CSharp", "Assembly-CSharp.csproj", "{6FD0621C-B621-5F05-99D1-F1E01A4D3911}"
EndProject
Project("{FAE04EC0-301F-11D3-BF4B-00C04F79EFBC}") = "Assembly-CSharp-firstpass", "Assembly-CSharp-firstpass.csproj", "{17CFD01D-A898-561A-428C-9837BCD0AF3C}"
EndProject
Project("{FAE04EC0-301F-11D3-BF4B-00C04F79EFBC}") = "Assembly-CSharp-Editor-firstpass", "Assembly-CSharp-Editor-firstpass.csproj", "{9558FA72-5099-4ED4-DFDC-5E2F54CFF5CF}"
EndProject
Global
	GlobalSection(SolutionConfigurationPlatforms) = preSolution
		Debug|Any CPU = Debug|Any CPU
		Release|Any CPU = Release|Any CPU
	EndGlobalSection
	GlobalSection(ProjectConfigurationPlatforms) = postSolution
		{6FD0621C-B621-5F05-99D1-F1E01A4D3911}.Debug|Any CPU.ActiveCfg = Debug|Any CPU
		{6FD0621C-B621-5F05-99D1-F1E01A4D3911}.Debug|Any CPU.Build.0 = Debug|Any CPU
		{6FD0621C-B621-5F05-99D1-F1E01A4D3911}.Release|Any CPU.ActiveCfg = Release|Any CPU
		{6FD0621C-B621-5F05-99D1-F1E01A4D3911}.Release|Any CPU.Build.0 = Release|Any CPU
		{17CFD01D-A898-561A-428C-9837BCD0AF3C}.Debug|Any CPU.ActiveCfg = Debug|Any CPU
		{17CFD01D-A898-561A-428C-9837BCD0AF3C}.Debug|Any CPU.Build.0 = Debug|Any CPU
		{17CFD01D-A898-561A-428C-9837BCD0AF3C}.Release|Any CPU.ActiveCfg = Release|Any CPU
		{17CFD01D-A898-561A-428C-9837BCD0AF3C}.Release|Any CPU.Build.0 = Release|Any CPU
		{9558FA72-5099-4ED4-DFDC-5E2F54CFF5CF}.Debug|Any CPU.ActiveCfg = Debug|Any CPU
		{9558FA72-5099-4ED4-DFDC-5E2F54CFF5CF}.Debug|Any CPU.Build.0 = Debug|Any CPU
		{9558FA72-5099-4ED4-DFDC-5E2F54CFF5CF}.Release|Any CPU.ActiveCfg = Release|Any CPU
		{9558FA72-5099-4ED4-DFDC-5E2F54CFF5CF}.Release|Any CPU.Build.0 = Release|Any CPU
	EndGlobalSection
	GlobalSection(SolutionProperties) = preSolution
		HideSolutionNode = FALSE
	EndGlobalSection
EndGlobal
